
Microsoft Visual Studio Solution File, Format Version 12.00
# Visual Studio Version 16
VisualStudioVersion = 16.0.31112.23
MinimumVisualStudioVersion = 10.0.40219.1
Project("{FAE04EC0-301F-11D3-BF4B-00C04F79EFBC}") = "A889343.Actividad03", "A889343.Actividad03.csproj", "{C75EB8D7-D792-4529-9A7D-D8939AD46F05}"
EndProject
Global
	GlobalSection(SolutionConfigurationPlatforms) = preSolution
		Debug|Any CPU = Debug|Any CPU
		Release|Any CPU = Release|Any CPU
	EndGlobalSection
	GlobalSection(ProjectConfigurationPlatforms) = postSolution
		{C75EB8D7-D792-4529-9A7D-D8939AD46F05}.Debug|Any CPU.ActiveCfg = Debug|Any CPU
		{C75EB8D7-D792-4529-9A7D-D8939AD46F05}.Debug|Any CPU.Build.0 = Debug|Any CPU
		{C75EB8D7-D792-4529-9A7D-D8939AD46F05}.Release|Any CPU.ActiveCfg = Release|Any CPU
		{C75EB8D7-D792-4529-9A7D-D8939AD46F05}.Release|Any CPU.Build.0 = Release|Any CPU
	EndGlobalSection
	GlobalSection(SolutionProperties) = preSolution
		HideSolutionNode = FALSE
	EndGlobalSection
	GlobalSection(ExtensibilityGlobals) = postSolution
		SolutionGuid = {3FF9FEF8-27DA-44B9-BB7D-19EDD5A756BF}
	EndGlobalSection
EndGlobal
